{
  "name": "3.5",
  "version": "1.0.0",
  "lockfileVersion": 1,
  "requires": true,
  "dependencies": {
    "@babel/code-frame": {
      "version": "7.18.6",
      "resolved": "https://registry.npmjs.org/@babel/code-frame/-/code-frame-7.18.6.tgz",
      "integrity": "sha512-TDCmlK5eOvH+eH7cdAFlNXeVJqWIQ7gW9tY1GJIpUtFb6CmjVyq2VM3u71bOyR8CRihcCgMUYoDNyLXao3+70Q==",
      "dev": true,
      "requires": {
        "@babel/highlight": "^7.18.6"
      }
    },
    "@babel/helper-validator-identifier": {
      "version": "7.19.1",
      "resolved": "https://registry.npmjs.org/@babel/helper-validator-identifier/-/helper-validator-identifier-7.19.1.tgz",
      "integrity": "sha512-awrNfaMtnHUr653GgGEs++LlAvW6w+DcPrOliSMXWCKo597CwL5Acf/wWdNkf/tfEQE3mjkeD1YOVZOUV/od1w==",
      "dev": true
    },
    "@babel/highlight": {
      "version": "7.18.6",
      "resolved": "https://registry.npmjs.org/@babel/highlight/-/highlight-7.18.6.tgz",
      "integrity": "sha512-u7stbOuYjaPezCuLj29hNW1v64M2Md2qupEKP1fHc7WdOA3DgLh37suiSrZYY7haUB7iBeQZ9P1uiRF359do3g==",
      "dev": true,
      "requires": {
        "@babel/helper-validator-identifier": "^7.18.6",
        "chalk": "^2.0.0",
        "js-tokens": "^4.0.0"
      }
    },
    "@types/parse-json": {
      "version": "4.0.0",
      "resolved": "https://registry.npmjs.org/@types/parse-json/-/parse-json-4.0.0.tgz",
      "integrity": "sha512-//oorEZjL6sbPcKUaCdIGlIUeH26mgzimjBB77G6XRgnDl/L5wOnpyBGRe/Mmf5CVW3PwEBE1NjiMZ/ssFh4wA==",
      "dev": true
    },
    "ansi-styles": {
      "version": "3.2.1",
      "resolved": "https://registry.npmjs.org/ansi-styles/-/ansi-styles-3.2.1.tgz",
      "integrity": "sha512-VT0ZI6kZRdTh8YyJw3SMbYm/u+NqfsAxEpWO0Pf9sq8/e94WxxOpPKx9FR1FlyCtOVDNOQ+8ntlqFxiRc+r5qA==",
      "dev": true,
      "requires": {
        "color-convert": "1.9.3"
      }
    },
    "autoprefixer": {
      "version": "7.2.6",
      "resolved": "http://registry.npmjs.org/autoprefixer/-/autoprefixer-7.2.6.tgz",
      "integrity": "sha512-Iq8TRIB+/9eQ8rbGhcP7ct5cYb/3qjNYAR2SnzLCEcwF6rvVOax8+9+fccgXk4bEhQGjOZd5TLhsksmAdsbGqQ==",
      "dev": true,
      "requires": {
        "browserslist": "2.11.3",
        "caniuse-lite": "1.0.30000916",
        "normalize-range": "0.1.2",
        "num2fraction": "1.2.2",
        "postcss": "6.0.23",
        "postcss-value-parser": "3.3.1"
      }
    },
    "babel-runtime": {
      "version": "6.26.0",
      "resolved": "https://registry.npmjs.org/babel-runtime/-/babel-runtime-6.26.0.tgz",
      "integrity": "sha1-llxwWGaOgrVde/4E/yM3vItWR/4=",
      "dev": true,
      "requires": {
        "core-js": "2.6.0",
        "regenerator-runtime": "0.11.1"
      }
    },
    "balanced-match": {
      "version": "0.4.2",
      "resolved": "https://registry.npmjs.org/balanced-match/-/balanced-match-0.4.2.tgz",
      "integrity": "sha1-yz8+PHMtwPAe5wtAPzAuYddwmDg=",
      "dev": true
    },
    "browserslist": {
      "version": "2.11.3",
      "resolved": "https://registry.npmjs.org/browserslist/-/browserslist-2.11.3.tgz",
      "integrity": "sha512-yWu5cXT7Av6mVwzWc8lMsJMHWn4xyjSuGYi4IozbVTLUOEYPSagUB8kiMDUHA1fS3zjr8nkxkn9jdvug4BBRmA==",
      "dev": true,
      "requires": {
        "caniuse-lite": "1.0.30000916",
        "electron-to-chromium": "1.3.88"
      }
    },
    "callsites": {
      "version": "3.1.0",
      "resolved": "https://registry.npmjs.org/callsites/-/callsites-3.1.0.tgz",
      "integrity": "sha512-P8BjAsXvZS+VIDUI11hHCQEv74YT67YUi5JJFNWIqL235sBmjX4+qx9Muvls5ivyNENctx46xQLQ3aTuE7ssaQ==",
      "dev": true
    },
    "caniuse-api": {
      "version": "2.0.0",
      "resolved": "https://registry.npmjs.org/caniuse-api/-/caniuse-api-2.0.0.tgz",
      "integrity": "sha1-sd21pZZrFvSNxJmERNS7xsfZ2DQ=",
      "dev": true,
      "requires": {
        "browserslist": "2.11.3",
        "caniuse-lite": "1.0.30000916",
        "lodash.memoize": "4.1.2",
        "lodash.uniq": "4.5.0"
      }
    },
    "caniuse-lite": {
      "version": "1.0.30000916",
      "resolved": "https://registry.npmjs.org/caniuse-lite/-/caniuse-lite-1.0.30000916.tgz",
      "integrity": "sha512-D6J9jloPm2MPkg0PXcODLMQAJKkeixKO9xhqTUMvtd44MtTYMyyDXPQ2Lk9IgBq5FH0frwiPa/N/w8ncQf7kIQ==",
      "dev": true
    },
    "chalk": {
      "version": "2.4.1",
      "resolved": "https://registry.npmjs.org/chalk/-/chalk-2.4.1.tgz",
      "integrity": "sha512-ObN6h1v2fTJSmUXoS3nMQ92LbDK9be4TV+6G+omQlGJFdcUX5heKi1LZ1YnRMIgwTLEj3E24bT6tYni50rlCfQ==",
      "dev": true,
      "requires": {
        "ansi-styles": "3.2.1",
        "escape-string-regexp": "1.0.5",
        "supports-color": "5.5.0"
      }
    },
    "clone": {
      "version": "1.0.4",
      "resolved": "https://registry.npmjs.org/clone/-/clone-1.0.4.tgz",
      "integrity": "sha1-2jCcwmPfFZlMaIypAheco8fNfH4=",
      "dev": true
    },
    "color": {
      "version": "0.11.4",
      "resolved": "https://registry.npmjs.org/color/-/color-0.11.4.tgz",
      "integrity": "sha1-bXtcdPtl6EHNSHkq0e1eB7kE12Q=",
      "dev": true,
      "requires": {
        "clone": "1.0.4",
        "color-convert": "1.9.3",
        "color-string": "0.3.0"
      }
    },
    "color-convert": {
      "version": "1.9.3",
      "resolved": "https://registry.npmjs.org/color-convert/-/color-convert-1.9.3.tgz",
      "integrity": "sha512-QfAUtd+vFdAtFQcC8CCyYt1fYWxSqAiK2cSD6zDB8N3cpsEBAvRxp9zOGg6G/SHHJYAT88/az/IuDGALsNVbGg==",
      "dev": true,
      "requires": {
        "color-name": "1.1.3"
      }
    },
    "color-name": {
      "version": "1.1.3",
      "resolved": "https://registry.npmjs.org/color-name/-/color-name-1.1.3.tgz",
      "integrity": "sha1-p9BVi9icQveV3UIyj3QIMcpTvCU=",
      "dev": true
    },
    "color-string": {
      "version": "0.3.0",
      "resolved": "https://registry.npmjs.org/color-string/-/color-string-0.3.0.tgz",
      "integrity": "sha1-J9RvtnAlxcL6JZk7+/V55HhBuZE=",
      "dev": true,
      "requires": {
        "color-name": "1.1.3"
      }
    },
    "core-js": {
      "version": "2.6.0",
      "resolved": "https://registry.npmjs.org/core-js/-/core-js-2.6.0.tgz",
      "integrity": "sha512-kLRC6ncVpuEW/1kwrOXYX6KQASCVtrh1gQr/UiaVgFlf9WE5Vp+lNe5+h3LuMr5PAucWnnEXwH0nQHRH/gpGtw==",
      "dev": true
    },
    "cosmiconfig": {
      "version": "7.1.0",
      "resolved": "https://registry.npmjs.org/cosmiconfig/-/cosmiconfig-7.1.0.tgz",
      "integrity": "sha512-AdmX6xUzdNASswsFtmwSt7Vj8po9IuqXm0UXz7QKPuEUmPB4XyjGfaAr2PSuELMwkRMVH1EpIkX5bTZGRB3eCA==",
      "dev": true,
      "requires": {
        "@types/parse-json": "^4.0.0",
        "import-fresh": "^3.2.1",
        "parse-json": "^5.0.0",
        "path-type": "^4.0.0",
        "yaml": "^1.10.0"
      }
    },
    "css-color-function": {
      "version": "1.3.3",
      "resolved": "https://registry.npmjs.org/css-color-function/-/css-color-function-1.3.3.tgz",
      "integrity": "sha1-jtJMLAIFBzM5+voAS8jBQfzLKC4=",
      "dev": true,
      "requires": {
        "balanced-match": "0.1.0",
        "color": "0.11.4",
        "debug": "3.2.6",
        "rgb": "0.1.0"
      },
      "dependencies": {
        "balanced-match": {
          "version": "0.1.0",
          "resolved": "https://registry.npmjs.org/balanced-match/-/balanced-match-0.1.0.tgz",
          "integrity": "sha1-tQS9BYabOSWd0MXvw12EMXbczEo=",
          "dev": true
        }
      }
    },
    "css-loader": {
      "version": "6.7.3",
      "resolved": "https://registry.npmjs.org/css-loader/-/css-loader-6.7.3.tgz",
      "integrity": "sha512-qhOH1KlBMnZP8FzRO6YCH9UHXQhVMcEGLyNdb7Hv2cpcmJbW0YrddO+tG1ab5nT41KpHIYGsbeHqxB9xPu1pKQ==",
      "dev": true,
      "requires": {
        "icss-utils": "^5.1.0",
        "postcss": "^8.4.19",
        "postcss-modules-extract-imports": "^3.0.0",
        "postcss-modules-local-by-default": "^4.0.0",
        "postcss-modules-scope": "^3.0.0",
        "postcss-modules-values": "^4.0.0",
        "postcss-value-parser": "^4.2.0",
        "semver": "^7.3.8"
      },
      "dependencies": {
        "postcss": {
          "version": "8.4.20",
          "resolved": "https://registry.npmjs.org/postcss/-/postcss-8.4.20.tgz",
          "integrity": "sha512-6Q04AXR1212bXr5fh03u8aAwbLxAQNGQ/Q1LNa0VfOI06ZAlhPHtQvE4OIdpj4kLThXilalPnmDSOD65DcHt+g==",
          "dev": true,
          "requires": {
            "nanoid": "^3.3.4",
            "picocolors": "^1.0.0",
            "source-map-js": "^1.0.2"
          }
        },
        "postcss-value-parser": {
          "version": "4.2.0",
          "resolved": "https://registry.npmjs.org/postcss-value-parser/-/postcss-value-parser-4.2.0.tgz",
          "integrity": "sha512-1NNCs6uurfkVbeXG4S8JFT9t19m45ICnif8zWLd5oPSZ50QnwMfK+H3jv408d4jw/7Bttv5axS5IiHoLaVNHeQ==",
          "dev": true
        }
      }
    },
    "css-unit-converter": {
      "version": "1.1.1",
      "resolved": "https://registry.npmjs.org/css-unit-converter/-/css-unit-converter-1.1.1.tgz",
      "integrity": "sha1-2bkoGtz9jO2TW9urqDeGiX9k6ZY=",
      "dev": true
    },
    "cssesc": {
      "version": "3.0.0",
      "resolved": "https://registry.npmjs.org/cssesc/-/cssesc-3.0.0.tgz",
      "integrity": "sha512-/Tb/JcjK111nNScGob5MNtsntNM1aCNUDipB/TkwZFhyDrrE47SOx/18wF2bbjgc3ZzCSKW1T5nt5EbFoAz/Vg==",
      "dev": true
    },
    "debug": {
      "version": "3.2.6",
      "resolved": "https://registry.npmjs.org/debug/-/debug-3.2.6.tgz",
      "integrity": "sha512-mel+jf7nrtEl5Pn1Qx46zARXKDpBbvzezse7p7LqINmdoIk8PYP5SySaxEmYv6TZ0JyEKA1hsCId6DIhgITtWQ==",
      "dev": true,
      "requires": {
        "ms": "2.1.1"
      }
    },
    "electron-to-chromium": {
      "version": "1.3.88",
      "resolved": "https://registry.npmjs.org/electron-to-chromium/-/electron-to-chromium-1.3.88.tgz",
      "integrity": "sha512-UPV4NuQMKeUh1S0OWRvwg0PI8ASHN9kBC8yDTk1ROXLC85W5GnhTRu/MZu3Teqx3JjlQYuckuHYXSUSgtb3J+A==",
      "dev": true
    },
    "error-ex": {
      "version": "1.3.2",
      "resolved": "https://registry.npmjs.org/error-ex/-/error-ex-1.3.2.tgz",
      "integrity": "sha512-7dFHNmqeFSEt2ZBsCriorKnn3Z2pj+fd9kmI6QoWw4//DL+icEBfc0U7qJCisqrTsKTjw4fNFy2pW9OqStD84g==",
      "dev": true,
      "requires": {
        "is-arrayish": "^0.2.1"
      },
      "dependencies": {
        "is-arrayish": {
          "version": "0.2.1",
          "resolved": "https://registry.npmjs.org/is-arrayish/-/is-arrayish-0.2.1.tgz",
          "integrity": "sha512-zz06S8t0ozoDXMG+ube26zeCTNXcKIPJZJi8hBrF4idCLms4CG9QtK7qBl1boi5ODzFpjswb5JPmHCbMpjaYzg==",
          "dev": true
        }
      }
    },
    "escape-string-regexp": {
      "version": "1.0.5",
      "resolved": "https://registry.npmjs.org/escape-string-regexp/-/escape-string-regexp-1.0.5.tgz",
      "integrity": "sha1-G2HAViGQqN/2rjuyzwIAyhMLhtQ=",
      "dev": true
    },
    "flatten": {
      "version": "1.0.2",
      "resolved": "https://registry.npmjs.org/flatten/-/flatten-1.0.2.tgz",
      "integrity": "sha1-2uRqnXj74lKSJYzB54CkHZXAN4I=",
      "dev": true
    },
    "has-flag": {
      "version": "3.0.0",
      "resolved": "https://registry.npmjs.org/has-flag/-/has-flag-3.0.0.tgz",
      "integrity": "sha1-tdRU3CGZriJWmfNGfloH87lVuv0=",
      "dev": true
    },
    "icss-utils": {
      "version": "5.1.0",
      "resolved": "https://registry.npmjs.org/icss-utils/-/icss-utils-5.1.0.tgz",
      "integrity": "sha512-soFhflCVWLfRNOPU3iv5Z9VUdT44xFRbzjLsEzSr5AQmgqPMTHdU3PMT1Cf1ssx8fLNJDA1juftYl+PUcv3MqA==",
      "dev": true
    },
    "import-fresh": {
      "version": "3.3.0",
      "resolved": "https://registry.npmjs.org/import-fresh/-/import-fresh-3.3.0.tgz",
      "integrity": "sha512-veYYhQa+D1QBKznvhUHxb8faxlrwUnxseDAbAp457E0wLNio2bOSKnjYDhMj+YiAq61xrMGhQk9iXVk5FzgQMw==",
      "dev": true,
      "requires": {
        "parent-module": "^1.0.0",
        "resolve-from": "^4.0.0"
      }
    },
    "indexes-of": {
      "version": "1.0.1",
      "resolved": "https://registry.npmjs.org/indexes-of/-/indexes-of-1.0.1.tgz",
      "integrity": "sha1-8w9xbI4r00bHtn0985FVZqfAVgc=",
      "dev": true
    },
    "is-arrayish": {
      "version": "0.3.2",
      "resolved": "https://registry.npmjs.org/is-arrayish/-/is-arrayish-0.3.2.tgz",
      "integrity": "sha512-eVRqCvVlZbuw3GrM63ovNSNAeA1K16kaR/LRY/92w0zxQ5/1YzwblUX652i4Xs9RwAGjW9d9y6X88t8OaAJfWQ==",
      "dev": true
    },
    "isnumeric": {
      "version": "0.2.0",
      "resolved": "https://registry.npmjs.org/isnumeric/-/isnumeric-0.2.0.tgz",
      "integrity": "sha1-ojR7o2DeGeM9D/1ZD933dVy/LmQ=",
      "dev": true
    },
    "js-tokens": {
      "version": "4.0.0",
      "resolved": "https://registry.npmjs.org/js-tokens/-/js-tokens-4.0.0.tgz",
      "integrity": "sha512-RdJUflcE3cUzKiMqQgsCu06FPu9UdIJO0beYbPhHN4k6apgJtifcoCtT9bcxOpYBtpD2kCM6Sbzg4CausW/PKQ==",
      "dev": true
    },
    "json-parse-even-better-errors": {
      "version": "2.3.1",
      "resolved": "https://registry.npmjs.org/json-parse-even-better-errors/-/json-parse-even-better-errors-2.3.1.tgz",
      "integrity": "sha512-xyFwyhro/JEof6Ghe2iz2NcXoj2sloNsWr/XsERDK/oiPCfaNhl5ONfp+jQdAZRQQ0IJWNzH9zIZF7li91kh2w==",
      "dev": true
    },
    "klona": {
      "version": "2.0.5",
      "resolved": "https://registry.npmjs.org/klona/-/klona-2.0.5.tgz",
      "integrity": "sha512-pJiBpiXMbt7dkzXe8Ghj/u4FfXOOa98fPW+bihOJ4SjnoijweJrNThJfd3ifXpXhREjpoF2mZVH1GfS9LV3kHQ==",
      "dev": true
    },
    "lines-and-columns": {
      "version": "1.2.4",
      "resolved": "https://registry.npmjs.org/lines-and-columns/-/lines-and-columns-1.2.4.tgz",
      "integrity": "sha512-7ylylesZQ/PV29jhEDl3Ufjo6ZX7gCqJr5F7PKrqc93v7fzSymt1BpwEU8nAUXs8qzzvqhbjhK5QZg6Mt/HkBg==",
      "dev": true
    },
    "lodash._reinterpolate": {
      "version": "3.0.0",
      "resolved": "https://registry.npmjs.org/lodash._reinterpolate/-/lodash._reinterpolate-3.0.0.tgz",
      "integrity": "sha1-DM8tiRZq8Ds2Y8eWU4t1rG4RTZ0=",
      "dev": true
    },
    "lodash.memoize": {
      "version": "4.1.2",
      "resolved": "https://registry.npmjs.org/lodash.memoize/-/lodash.memoize-4.1.2.tgz",
      "integrity": "sha1-vMbEmkKihA7Zl/Mj6tpezRguC/4=",
      "dev": true
    },
    "lodash.template": {
      "version": "4.4.0",
      "resolved": "https://registry.npmjs.org/lodash.template/-/lodash.template-4.4.0.tgz",
      "integrity": "sha1-5zoDhcg1VZF0bgILmWecaQ5o+6A=",
      "dev": true,
      "requires": {
        "lodash._reinterpolate": "3.0.0",
        "lodash.templatesettings": "4.1.0"
      }
    },
    "lodash.templatesettings": {
      "version": "4.1.0",
      "resolved": "https://registry.npmjs.org/lodash.templatesettings/-/lodash.templatesettings-4.1.0.tgz",
      "integrity": "sha1-K01OlbpEDZFf8IvImeRVNmZxMxY=",
      "dev": true,
      "requires": {
        "lodash._reinterpolate": "3.0.0"
      }
    },
    "lodash.uniq": {
      "version": "4.5.0",
      "resolved": "https://registry.npmjs.org/lodash.uniq/-/lodash.uniq-4.5.0.tgz",
      "integrity": "sha1-0CJTc662Uq3BvILklFM5qEJ1R3M=",
      "dev": true
    },
    "lru-cache": {
      "version": "6.0.0",
      "resolved": "https://registry.npmjs.org/lru-cache/-/lru-cache-6.0.0.tgz",
      "integrity": "sha512-Jo6dJ04CmSjuznwJSS3pUeWmd/H0ffTlkXXgwZi+eq1UCmqQwCh+eLsYOYCwY991i2Fah4h1BEMCx4qThGbsiA==",
      "dev": true,
      "requires": {
        "yallist": "^4.0.0"
      }
    },
    "math-expression-evaluator": {
      "version": "1.2.17",
      "resolved": "https://registry.npmjs.org/math-expression-evaluator/-/math-expression-evaluator-1.2.17.tgz",
      "integrity": "sha1-3oGf282E3M2PrlnGrreWFbnSZqw=",
      "dev": true
    },
    "ms": {
      "version": "2.1.1",
      "resolved": "https://registry.npmjs.org/ms/-/ms-2.1.1.tgz",
      "integrity": "sha512-tgp+dl5cGk28utYktBsrFqA7HKgrhgPsg6Z/EfhWI4gl1Hwq8B/GmY/0oXZ6nF8hDVesS/FpnYaD/kOWhYQvyg==",
      "dev": true
    },
    "nanoid": {
      "version": "3.3.4",
      "resolved": "https://registry.npmjs.org/nanoid/-/nanoid-3.3.4.tgz",
      "integrity": "sha512-MqBkQh/OHTS2egovRtLk45wEyNXwF+cokD+1YPf9u5VfJiRdAiRwB2froX5Co9Rh20xs4siNPm8naNotSD6RBw==",
      "dev": true
    },
    "normalize-range": {
      "version": "0.1.2",
      "resolved": "https://registry.npmjs.org/normalize-range/-/normalize-range-0.1.2.tgz",
      "integrity": "sha1-LRDAa9/TEuqXd2laTShDlFa3WUI=",
      "dev": true
    },
    "num2fraction": {
      "version": "1.2.2",
      "resolved": "https://registry.npmjs.org/num2fraction/-/num2fraction-1.2.2.tgz",
      "integrity": "sha1-b2gragJ6Tp3fpFZM0lidHU5mnt4=",
      "dev": true
    },
    "onecolor": {
      "version": "3.1.0",
      "resolved": "https://registry.npmjs.org/onecolor/-/onecolor-3.1.0.tgz",
      "integrity": "sha512-YZSypViXzu3ul5LMu/m6XjJ9ol8qAy9S2VjHl5E6UlhUH1KGKWabyEJifn0Jjpw23bYDzC2ucKMPGiH5kfwSGQ==",
      "dev": true
    },
    "parent-module": {
      "version": "1.0.1",
      "resolved": "https://registry.npmjs.org/parent-module/-/parent-module-1.0.1.tgz",
      "integrity": "sha512-GQ2EWRpQV8/o+Aw8YqtfZZPfNRWZYkbidE9k5rpl/hC3vtHHBfGm2Ifi6qWV+coDGkrUKZAxE3Lot5kcsRlh+g==",
      "dev": true,
      "requires": {
        "callsites": "^3.0.0"
      }
    },
    "parse-json": {
      "version": "5.2.0",
      "resolved": "https://registry.npmjs.org/parse-json/-/parse-json-5.2.0.tgz",
      "integrity": "sha512-ayCKvm/phCGxOkYRSCM82iDwct8/EonSEgCSxWxD7ve6jHggsFl4fZVQBPRNgQoKiuV/odhFrGzQXZwbifC8Rg==",
      "dev": true,
      "requires": {
        "@babel/code-frame": "^7.0.0",
        "error-ex": "^1.3.1",
        "json-parse-even-better-errors": "^2.3.0",
        "lines-and-columns": "^1.1.6"
      }
    },
    "path-type": {
      "version": "4.0.0",
      "resolved": "https://registry.npmjs.org/path-type/-/path-type-4.0.0.tgz",
      "integrity": "sha512-gDKb8aZMDeD/tZWs9P6+q0J9Mwkdl6xMV8TjnGP3qJVJ06bdMgkbBlLU8IdfOsIsFz2BW1rNVT3XuNEl8zPAvw==",
      "dev": true
    },
    "picocolors": {
      "version": "1.0.0",
      "resolved": "https://registry.npmjs.org/picocolors/-/picocolors-1.0.0.tgz",
      "integrity": "sha512-1fygroTLlHu66zi26VoTDv8yRgm0Fccecssto+MhsZ0D/DGW2sm8E8AjW7NU5VVTRt5GxbeZ5qBuJr+HyLYkjQ==",
      "dev": true
    },
    "pixrem": {
      "version": "4.0.1",
      "resolved": "https://registry.npmjs.org/pixrem/-/pixrem-4.0.1.tgz",
      "integrity": "sha1-LaSh3m7EQjxfw3lOkwuB1EkOxoY=",
      "dev": true,
      "requires": {
        "browserslist": "2.11.3",
        "postcss": "6.0.23",
        "reduce-css-calc": "1.3.0"
      }
    },
    "pleeease-filters": {
      "version": "4.0.0",
      "resolved": "https://registry.npmjs.org/pleeease-filters/-/pleeease-filters-4.0.0.tgz",
      "integrity": "sha1-ZjKy+wVkjSdY2GU4T7zteeHMrsc=",
      "dev": true,
      "requires": {
        "onecolor": "3.1.0",
        "postcss": "6.0.23"
      }
    },
    "postcss": {
      "version": "6.0.23",
      "resolved": "https://registry.npmjs.org/postcss/-/postcss-6.0.23.tgz",
      "integrity": "sha512-soOk1h6J3VMTZtVeVpv15/Hpdl2cBLX3CAw4TAbkpTJiNPk9YP/zWcD1ND+xEtvyuuvKzbxliTOIyvkSeSJ6ag==",
      "dev": true,
      "requires": {
        "chalk": "2.4.1",
        "source-map": "0.6.1",
        "supports-color": "5.5.0"
      }
    },
    "postcss-apply": {
      "version": "0.8.0",
      "resolved": "https://registry.npmjs.org/postcss-apply/-/postcss-apply-0.8.0.tgz",
      "integrity": "sha1-FOVEu7XLbxweBIhXll15rgZrE0M=",
      "dev": true,
      "requires": {
        "babel-runtime": "6.26.0",
        "balanced-match": "0.4.2",
        "postcss": "6.0.23"
      }
    },
    "postcss-attribute-case-insensitive": {
      "version": "2.0.0",
      "resolved": "https://registry.npmjs.org/postcss-attribute-case-insensitive/-/postcss-attribute-case-insensitive-2.0.0.tgz",
      "integrity": "sha1-lNxCLI+QmX8WvTOjZUu77AhJY7Q=",
      "dev": true,
      "requires": {
        "postcss": "6.0.23",
        "postcss-selector-parser": "2.2.3"
      }
    },
    "postcss-calc": {
      "version": "6.0.2",
      "resolved": "https://registry.npmjs.org/postcss-calc/-/postcss-calc-6.0.2.tgz",
      "integrity": "sha512-fiznXjEN5T42Qm7qqMCVJXS3roaj9r4xsSi+meaBVe7CJBl8t/QLOXu02Z2E6oWAMWIvCuF6JrvzFekmVEbOKA==",
      "dev": true,
      "requires": {
        "css-unit-converter": "1.1.1",
        "postcss": "7.0.6",
        "postcss-selector-parser": "2.2.3",
        "reduce-css-calc": "2.1.5"
      },
      "dependencies": {
        "postcss": {
          "version": "7.0.6",
          "resolved": "https://registry.npmjs.org/postcss/-/postcss-7.0.6.tgz",
          "integrity": "sha512-Nq/rNjnHFcKgCDDZYO0lNsl6YWe6U7tTy+ESN+PnLxebL8uBtYX59HZqvrj7YLK5UCyll2hqDsJOo3ndzEW8Ug==",
          "dev": true,
          "requires": {
            "chalk": "2.4.1",
            "source-map": "0.6.1",
            "supports-color": "5.5.0"
          }
        },
        "reduce-css-calc": {
          "version": "2.1.5",
          "resolved": "https://registry.npmjs.org/reduce-css-calc/-/reduce-css-calc-2.1.5.tgz",
          "integrity": "sha512-AybiBU03FKbjYzyvJvwkJZY6NLN+80Ufc2EqEs+41yQH+8wqBEslD6eGiS0oIeq5TNLA5PrhBeYHXWdn8gtW7A==",
          "dev": true,
          "requires": {
            "css-unit-converter": "1.1.1",
            "postcss-value-parser": "3.3.1"
          }
        }
      }
    },
    "postcss-color-function": {
      "version": "4.0.1",
      "resolved": "https://registry.npmjs.org/postcss-color-function/-/postcss-color-function-4.0.1.tgz",
      "integrity": "sha1-QCs/LOvD9pR+YY+2vjZU++zvZEQ=",
      "dev": true,
      "requires": {
        "css-color-function": "1.3.3",
        "postcss": "6.0.23",
        "postcss-message-helpers": "2.0.0",
        "postcss-value-parser": "3.3.1"
      }
    },
    "postcss-color-gray": {
      "version": "4.1.0",
      "resolved": "https://registry.npmjs.org/postcss-color-gray/-/postcss-color-gray-4.1.0.tgz",
      "integrity": "sha512-L4iLKQLdqChz6ZOgGb6dRxkBNw78JFYcJmBz1orHpZoeLtuhDDGegRtX9gSyfoCIM7rWZ3VNOyiqqvk83BEN+w==",
      "dev": true,
      "requires": {
        "color": "2.0.1",
        "postcss": "6.0.23",
        "postcss-message-helpers": "2.0.0",
        "reduce-function-call": "1.0.2"
      },
      "dependencies": {
        "color": {
          "version": "2.0.1",
          "resolved": "https://registry.npmjs.org/color/-/color-2.0.1.tgz",
          "integrity": "sha512-ubUCVVKfT7r2w2D3qtHakj8mbmKms+tThR8gI8zEYCbUBl8/voqFGt3kgBqGwXAopgXybnkuOq+qMYCRrp4cXw==",
          "dev": true,
          "requires": {
            "color-convert": "1.9.3",
            "color-string": "1.5.3"
          }
        },
        "color-string": {
          "version": "1.5.3",
          "resolved": "https://registry.npmjs.org/color-string/-/color-string-1.5.3.tgz",
          "integrity": "sha512-dC2C5qeWoYkxki5UAXapdjqO672AM4vZuPGRQfO8b5HKuKGBbKWpITyDYN7TOFKvRW7kOgAn3746clDBMDJyQw==",
          "dev": true,
          "requires": {
            "color-name": "1.1.3",
            "simple-swizzle": "0.2.2"
          }
        }
      }
    },
    "postcss-color-hex-alpha": {
      "version": "3.0.0",
      "resolved": "https://registry.npmjs.org/postcss-color-hex-alpha/-/postcss-color-hex-alpha-3.0.0.tgz",
      "integrity": "sha1-HlPmyKyyN5Vej9CLfs2xuLgwn5U=",
      "dev": true,
      "requires": {
        "color": "1.0.3",
        "postcss": "6.0.23",
        "postcss-message-helpers": "2.0.0"
      },
      "dependencies": {
        "color": {
          "version": "1.0.3",
          "resolved": "https://registry.npmjs.org/color/-/color-1.0.3.tgz",
          "integrity": "sha1-5I6DLYXxTvaU+0aIEcLVz+cptV0=",
          "dev": true,
          "requires": {
            "color-convert": "1.9.3",
            "color-string": "1.5.3"
          }
        },
        "color-string": {
          "version": "1.5.3",
          "resolved": "https://registry.npmjs.org/color-string/-/color-string-1.5.3.tgz",
          "integrity": "sha512-dC2C5qeWoYkxki5UAXapdjqO672AM4vZuPGRQfO8b5HKuKGBbKWpITyDYN7TOFKvRW7kOgAn3746clDBMDJyQw==",
          "dev": true,
          "requires": {
            "color-name": "1.1.3",
            "simple-swizzle": "0.2.2"
          }
        }
      }
    },
    "postcss-color-hsl": {
      "version": "2.0.0",
      "resolved": "https://registry.npmjs.org/postcss-color-hsl/-/postcss-color-hsl-2.0.0.tgz",
      "integrity": "sha1-EnA2ZvoxBDDj8wpFTawThjF9WEQ=",
      "dev": true,
      "requires": {
        "postcss": "6.0.23",
        "postcss-value-parser": "3.3.1",
        "units-css": "0.4.0"
      }
    },
    "postcss-color-hwb": {
      "version": "3.0.0",
      "resolved": "https://registry.npmjs.org/postcss-color-hwb/-/postcss-color-hwb-3.0.0.tgz",
      "integrity": "sha1-NAKxnvTYSXVAwftQcr6YY8qVVx4=",
      "dev": true,
      "requires": {
        "color": "1.0.3",
        "postcss": "6.0.23",
        "postcss-message-helpers": "2.0.0",
        "reduce-function-call": "1.0.2"
      },
      "dependencies": {
        "color": {
          "version": "1.0.3",
          "resolved": "https://registry.npmjs.org/color/-/color-1.0.3.tgz",
          "integrity": "sha1-5I6DLYXxTvaU+0aIEcLVz+cptV0=",
          "dev": true,
          "requires": {
            "color-convert": "1.9.3",
            "color-string": "1.5.3"
          }
        },
        "color-string": {
          "version": "1.5.3",
          "resolved": "https://registry.npmjs.org/color-string/-/color-string-1.5.3.tgz",
          "integrity": "sha512-dC2C5qeWoYkxki5UAXapdjqO672AM4vZuPGRQfO8b5HKuKGBbKWpITyDYN7TOFKvRW7kOgAn3746clDBMDJyQw==",
          "dev": true,
          "requires": {
            "color-name": "1.1.3",
            "simple-swizzle": "0.2.2"
          }
        }
      }
    },
    "postcss-color-rebeccapurple": {
      "version": "3.1.0",
      "resolved": "https://registry.npmjs.org/postcss-color-rebeccapurple/-/postcss-color-rebeccapurple-3.1.0.tgz",
      "integrity": "sha512-212hJUk9uSsbwO5ECqVjmh/iLsmiVL1xy9ce9TVf+X3cK/ZlUIlaMdoxje/YpsL9cmUH3I7io+/G2LyWx5rg1g==",
      "dev": true,
      "requires": {
        "postcss": "6.0.23",
        "postcss-values-parser": "1.5.0"
      }
    },
    "postcss-color-rgb": {
      "version": "2.0.0",
      "resolved": "https://registry.npmjs.org/postcss-color-rgb/-/postcss-color-rgb-2.0.0.tgz",
      "integrity": "sha1-FFOcinExSUtILg3RzCZf9lFLUmM=",
      "dev": true,
      "requires": {
        "postcss": "6.0.23",
        "postcss-value-parser": "3.3.1"
      }
    },
    "postcss-color-rgba-fallback": {
      "version": "3.0.0",
      "resolved": "https://registry.npmjs.org/postcss-color-rgba-fallback/-/postcss-color-rgba-fallback-3.0.0.tgz",
      "integrity": "sha1-N9XJNToHoJJwkSqCYGu0Kg1wLAQ=",
      "dev": true,
      "requires": {
        "postcss": "6.0.23",
        "postcss-value-parser": "3.3.1",
        "rgb-hex": "2.1.0"
      }
    },
    "postcss-cssnext": {
      "version": "3.1.0",
      "resolved": "https://registry.npmjs.org/postcss-cssnext/-/postcss-cssnext-3.1.0.tgz",
      "integrity": "sha512-awPDhI4OKetcHCr560iVCoDuP6e/vn0r6EAqdWPpAavJMvkBSZ6kDpSN4b3mB3Ti57hQMunHHM8Wvx9PeuYXtA==",
      "dev": true,
      "requires": {
        "autoprefixer": "7.2.6",
        "caniuse-api": "2.0.0",
        "chalk": "2.4.1",
        "pixrem": "4.0.1",
        "pleeease-filters": "4.0.0",
        "postcss": "6.0.23",
        "postcss-apply": "0.8.0",
        "postcss-attribute-case-insensitive": "2.0.0",
        "postcss-calc": "6.0.2",
        "postcss-color-function": "4.0.1",
        "postcss-color-gray": "4.1.0",
        "postcss-color-hex-alpha": "3.0.0",
        "postcss-color-hsl": "2.0.0",
        "postcss-color-hwb": "3.0.0",
        "postcss-color-rebeccapurple": "3.1.0",
        "postcss-color-rgb": "2.0.0",
        "postcss-color-rgba-fallback": "3.0.0",
        "postcss-custom-media": "6.0.0",
        "postcss-custom-properties": "6.3.1",
        "postcss-custom-selectors": "4.0.1",
        "postcss-font-family-system-ui": "3.0.0",
        "postcss-font-variant": "3.0.0",
        "postcss-image-set-polyfill": "0.3.5",
        "postcss-initial": "2.0.0",
        "postcss-media-minmax": "3.0.0",
        "postcss-nesting": "4.2.1",
        "postcss-pseudo-class-any-link": "4.0.0",
        "postcss-pseudoelements": "5.0.0",
        "postcss-replace-overflow-wrap": "2.0.0",
        "postcss-selector-matches": "3.0.1",
        "postcss-selector-not": "3.0.1"
      }
    },
    "postcss-custom-media": {
      "version": "6.0.0",
      "resolved": "https://registry.npmjs.org/postcss-custom-media/-/postcss-custom-media-6.0.0.tgz",
      "integrity": "sha1-vlMnhBEOyylQRPtTlaGABushpzc=",
      "dev": true,
      "requires": {
        "postcss": "6.0.23"
      }
    },
    "postcss-custom-properties": {
      "version": "6.3.1",
      "resolved": "http://registry.npmjs.org/postcss-custom-properties/-/postcss-custom-properties-6.3.1.tgz",
      "integrity": "sha512-zoiwn4sCiUFbr4KcgcNZLFkR6gVQom647L+z1p/KBVHZ1OYwT87apnS42atJtx6XlX2yI7N5fjXbFixShQO2QQ==",
      "dev": true,
      "requires": {
        "balanced-match": "1.0.0",
        "postcss": "6.0.23"
      },
      "dependencies": {
        "balanced-match": {
          "version": "1.0.0",
          "resolved": "https://registry.npmjs.org/balanced-match/-/balanced-match-1.0.0.tgz",
          "integrity": "sha1-ibTRmasr7kneFk6gK4nORi1xt2c=",
          "dev": true
        }
      }
    },
    "postcss-custom-selectors": {
      "version": "4.0.1",
      "resolved": "https://registry.npmjs.org/postcss-custom-selectors/-/postcss-custom-selectors-4.0.1.tgz",
      "integrity": "sha1-eBOC+UxS5yfvXKR3bqKt9JphE4I=",
      "dev": true,
      "requires": {
        "postcss": "6.0.23",
        "postcss-selector-matches": "3.0.1"
      }
    },
    "postcss-font-family-system-ui": {
      "version": "3.0.0",
      "resolved": "https://registry.npmjs.org/postcss-font-family-system-ui/-/postcss-font-family-system-ui-3.0.0.tgz",
      "integrity": "sha512-58G/hTxMSSKlIRpcPUjlyo6hV2MEzvcVO2m4L/T7Bb2fJTG4DYYfQjQeRvuimKQh1V1sOzCIz99g+H2aFNtlQw==",
      "dev": true,
      "requires": {
        "postcss": "6.0.23"
      }
    },
    "postcss-font-variant": {
      "version": "3.0.0",
      "resolved": "https://registry.npmjs.org/postcss-font-variant/-/postcss-font-variant-3.0.0.tgz",
      "integrity": "sha1-CMzIj2BQuoLtjvLMdsDGprQfGD4=",
      "dev": true,
      "requires": {
        "postcss": "6.0.23"
      }
    },
    "postcss-image-set-polyfill": {
      "version": "0.3.5",
      "resolved": "https://registry.npmjs.org/postcss-image-set-polyfill/-/postcss-image-set-polyfill-0.3.5.tgz",
      "integrity": "sha1-Dxk0E3AM8fgr05Bm7wFtZaShgYE=",
      "dev": true,
      "requires": {
        "postcss": "6.0.23",
        "postcss-media-query-parser": "0.2.3"
      }
    },
    "postcss-initial": {
      "version": "2.0.0",
      "resolved": "https://registry.npmjs.org/postcss-initial/-/postcss-initial-2.0.0.tgz",
      "integrity": "sha1-cnFfczbgu3k1HZnuZcSiU6hEG6Q=",
      "dev": true,
      "requires": {
        "lodash.template": "4.4.0",
        "postcss": "6.0.23"
      }
    },
    "postcss-loader": {
      "version": "7.0.2",
      "resolved": "https://registry.npmjs.org/postcss-loader/-/postcss-loader-7.0.2.tgz",
      "integrity": "sha512-fUJzV/QH7NXUAqV8dWJ9Lg4aTkDCezpTS5HgJ2DvqznexTbSTxgi/dTECvTZ15BwKTtk8G/bqI/QTu2HPd3ZCg==",
      "dev": true,
      "requires": {
        "cosmiconfig": "^7.0.0",
        "klona": "^2.0.5",
        "semver": "^7.3.8"
      }
    },
    "postcss-media-minmax": {
      "version": "3.0.0",
      "resolved": "https://registry.npmjs.org/postcss-media-minmax/-/postcss-media-minmax-3.0.0.tgz",
      "integrity": "sha1-Z1JWA3pD70C8Twdgv9BtTcadSNI=",
      "dev": true,
      "requires": {
        "postcss": "6.0.23"
      }
    },
    "postcss-media-query-parser": {
      "version": "0.2.3",
      "resolved": "https://registry.npmjs.org/postcss-media-query-parser/-/postcss-media-query-parser-0.2.3.tgz",
      "integrity": "sha1-J7Ocb02U+Bsac7j3Y1HGCeXO8kQ=",
      "dev": true
    },
    "postcss-message-helpers": {
      "version": "2.0.0",
      "resolved": "https://registry.npmjs.org/postcss-message-helpers/-/postcss-message-helpers-2.0.0.tgz",
      "integrity": "sha1-pPL0+rbk/gAvCu0ABHjN9S+bpg4=",
      "dev": true
    },
    "postcss-modules-extract-imports": {
      "version": "3.0.0",
      "resolved": "https://registry.npmjs.org/postcss-modules-extract-imports/-/postcss-modules-extract-imports-3.0.0.tgz",
      "integrity": "sha512-bdHleFnP3kZ4NYDhuGlVK+CMrQ/pqUm8bx/oGL93K6gVwiclvX5x0n76fYMKuIGKzlABOy13zsvqjb0f92TEXw==",
      "dev": true
    },
    "postcss-modules-local-by-default": {
      "version": "4.0.0",
      "resolved": "https://registry.npmjs.org/postcss-modules-local-by-default/-/postcss-modules-local-by-default-4.0.0.tgz",
      "integrity": "sha512-sT7ihtmGSF9yhm6ggikHdV0hlziDTX7oFoXtuVWeDd3hHObNkcHRo9V3yg7vCAY7cONyxJC/XXCmmiHHcvX7bQ==",
      "dev": true,
      "requires": {
        "icss-utils": "^5.0.0",
        "postcss-selector-parser": "^6.0.2",
        "postcss-value-parser": "^4.1.0"
      },
      "dependencies": {
        "postcss-selector-parser": {
          "version": "6.0.11",
          "resolved": "https://registry.npmjs.org/postcss-selector-parser/-/postcss-selector-parser-6.0.11.tgz",
          "integrity": "sha512-zbARubNdogI9j7WY4nQJBiNqQf3sLS3wCP4WfOidu+p28LofJqDH1tcXypGrcmMHhDk2t9wGhCsYe/+szLTy1g==",
          "dev": true,
          "requires": {
            "cssesc": "^3.0.0",
            "util-deprecate": "^1.0.2"
          }
        },
        "postcss-value-parser": {
          "version": "4.2.0",
          "resolved": "https://registry.npmjs.org/postcss-value-parser/-/postcss-value-parser-4.2.0.tgz",
          "integrity": "sha512-1NNCs6uurfkVbeXG4S8JFT9t19m45ICnif8zWLd5oPSZ50QnwMfK+H3jv408d4jw/7Bttv5axS5IiHoLaVNHeQ==",
          "dev": true
        }
      }
    },
    "postcss-modules-scope": {
      "version": "3.0.0",
      "resolved": "https://registry.npmjs.org/postcss-modules-scope/-/postcss-modules-scope-3.0.0.tgz",
      "integrity": "sha512-hncihwFA2yPath8oZ15PZqvWGkWf+XUfQgUGamS4LqoP1anQLOsOJw0vr7J7IwLpoY9fatA2qiGUGmuZL0Iqlg==",
      "dev": true,
      "requires": {
        "postcss-selector-parser": "^6.0.4"
      },
      "dependencies": {
        "postcss-selector-parser": {
          "version": "6.0.11",
          "resolved": "https://registry.npmjs.org/postcss-selector-parser/-/postcss-selector-parser-6.0.11.tgz",
          "integrity": "sha512-zbARubNdogI9j7WY4nQJBiNqQf3sLS3wCP4WfOidu+p28LofJqDH1tcXypGrcmMHhDk2t9wGhCsYe/+szLTy1g==",
          "dev": true,
          "requires": {
            "cssesc": "^3.0.0",
            "util-deprecate": "^1.0.2"
          }
        }
      }
    },
    "postcss-modules-values": {
      "version": "4.0.0",
      "resolved": "https://registry.npmjs.org/postcss-modules-values/-/postcss-modules-values-4.0.0.tgz",
      "integrity": "sha512-RDxHkAiEGI78gS2ofyvCsu7iycRv7oqw5xMWn9iMoR0N/7mf9D50ecQqUo5BZ9Zh2vH4bCUR/ktCqbB9m8vJjQ==",
      "dev": true,
      "requires": {
        "icss-utils": "^5.0.0"
      }
    },
    "postcss-nesting": {
      "version": "4.2.1",
      "resolved": "https://registry.npmjs.org/postcss-nesting/-/postcss-nesting-4.2.1.tgz",
      "integrity": "sha512-IkyWXICwagCnlaviRexi7qOdwPw3+xVVjgFfGsxmztvRVaNxAlrypOIKqDE5mxY+BVxnId1rnUKBRQoNE2VDaA==",
      "dev": true,
      "requires": {
        "postcss": "6.0.23"
      }
    },
    "postcss-pseudo-class-any-link": {
      "version": "4.0.0",
      "resolved": "https://registry.npmjs.org/postcss-pseudo-class-any-link/-/postcss-pseudo-class-any-link-4.0.0.tgz",
      "integrity": "sha1-kVKgYT00UHIFE+iJKFS65C0O5o4=",
      "dev": true,
      "requires": {
        "postcss": "6.0.23",
        "postcss-selector-parser": "2.2.3"
      }
    },
    "postcss-pseudoelements": {
      "version": "5.0.0",
      "resolved": "https://registry.npmjs.org/postcss-pseudoelements/-/postcss-pseudoelements-5.0.0.tgz",
      "integrity": "sha1-7vGU6NUkZFylIKlJ6V5RjoEkAss=",
      "dev": true,
      "requires": {
        "postcss": "6.0.23"
      }
    },
    "postcss-replace-overflow-wrap": {
      "version": "2.0.0",
      "resolved": "https://registry.npmjs.org/postcss-replace-overflow-wrap/-/postcss-replace-overflow-wrap-2.0.0.tgz",
      "integrity": "sha1-eU22+qVPjbEAhUOSqTr0V2i04ls=",
      "dev": true,
      "requires": {
        "postcss": "6.0.23"
      }
    },
    "postcss-selector-matches": {
      "version": "3.0.1",
      "resolved": "https://registry.npmjs.org/postcss-selector-matches/-/postcss-selector-matches-3.0.1.tgz",
      "integrity": "sha1-5WNAEeE5UIgYYbvdWMLQER/8lqs=",
      "dev": true,
      "requires": {
        "balanced-match": "0.4.2",
        "postcss": "6.0.23"
      }
    },
    "postcss-selector-not": {
      "version": "3.0.1",
      "resolved": "https://registry.npmjs.org/postcss-selector-not/-/postcss-selector-not-3.0.1.tgz",
      "integrity": "sha1-Lk2y8JZTNsAefOx9tsYN/3ZzNdk=",
      "dev": true,
      "requires": {
        "balanced-match": "0.4.2",
        "postcss": "6.0.23"
      }
    },
    "postcss-selector-parser": {
      "version": "2.2.3",
      "resolved": "https://registry.npmjs.org/postcss-selector-parser/-/postcss-selector-parser-2.2.3.tgz",
      "integrity": "sha1-+UN3iGBsPJrO4W/+jYsWKX8nu5A=",
      "dev": true,
      "requires": {
        "flatten": "1.0.2",
        "indexes-of": "1.0.1",
        "uniq": "1.0.1"
      }
    },
    "postcss-value-parser": {
      "version": "3.3.1",
      "resolved": "https://registry.npmjs.org/postcss-value-parser/-/postcss-value-parser-3.3.1.tgz",
      "integrity": "sha512-pISE66AbVkp4fDQ7VHBwRNXzAAKJjw4Vw7nWI/+Q3vuly7SNfgYXvm6i5IgFylHGK5sP/xHAbB7N49OS4gWNyQ==",
      "dev": true
    },
    "postcss-values-parser": {
      "version": "1.5.0",
      "resolved": "http://registry.npmjs.org/postcss-values-parser/-/postcss-values-parser-1.5.0.tgz",
      "integrity": "sha512-3M3p+2gMp0AH3da530TlX8kiO1nxdTnc3C6vr8dMxRLIlh8UYkz0/wcwptSXjhtx2Fr0TySI7a+BHDQ8NL7LaQ==",
      "dev": true,
      "requires": {
        "flatten": "1.0.2",
        "indexes-of": "1.0.1",
        "uniq": "1.0.1"
      }
    },
    "reduce-css-calc": {
      "version": "1.3.0",
      "resolved": "https://registry.npmjs.org/reduce-css-calc/-/reduce-css-calc-1.3.0.tgz",
      "integrity": "sha1-dHyRTgSWFKTJz7umKYca0dKSdxY=",
      "dev": true,
      "requires": {
        "balanced-match": "0.4.2",
        "math-expression-evaluator": "1.2.17",
        "reduce-function-call": "1.0.2"
      }
    },
    "reduce-function-call": {
      "version": "1.0.2",
      "resolved": "https://registry.npmjs.org/reduce-function-call/-/reduce-function-call-1.0.2.tgz",
      "integrity": "sha1-WiAL+S4ON3UXUv5FsKszD9S2vpk=",
      "dev": true,
      "requires": {
        "balanced-match": "0.4.2"
      }
    },
    "regenerator-runtime": {
      "version": "0.11.1",
      "resolved": "https://registry.npmjs.org/regenerator-runtime/-/regenerator-runtime-0.11.1.tgz",
      "integrity": "sha512-MguG95oij0fC3QV3URf4V2SDYGJhJnJGqvIIgdECeODCT98wSWDAJ94SSuVpYQUoTcGUIL6L4yNB7j1DFFHSBg==",
      "dev": true
    },
    "resolve-from": {
      "version": "4.0.0",
      "resolved": "https://registry.npmjs.org/resolve-from/-/resolve-from-4.0.0.tgz",
      "integrity": "sha512-pb/MYmXstAkysRFx8piNI1tGFNQIFA3vkE3Gq4EuA1dF6gHp/+vgZqsCGJapvy8N3Q+4o7FwvquPJcnZ7RYy4g==",
      "dev": true
    },
    "rgb": {
      "version": "0.1.0",
      "resolved": "https://registry.npmjs.org/rgb/-/rgb-0.1.0.tgz",
      "integrity": "sha1-vieykej+/+rBvZlylyG/pA/AN7U=",
      "dev": true
    },
    "rgb-hex": {
      "version": "2.1.0",
      "resolved": "https://registry.npmjs.org/rgb-hex/-/rgb-hex-2.1.0.tgz",
      "integrity": "sha1-x3PF/iJoolV42SU5qCp6XOU77aY=",
      "dev": true
    },
    "semver": {
      "version": "7.3.8",
      "resolved": "https://registry.npmjs.org/semver/-/semver-7.3.8.tgz",
      "integrity": "sha512-NB1ctGL5rlHrPJtFDVIVzTyQylMLu9N9VICA6HSFJo8MCGVTMW6gfpicwKmmK/dAjTOrqu5l63JJOpDSrAis3A==",
      "dev": true,
      "requires": {
        "lru-cache": "^6.0.0"
      }
    },
    "simple-swizzle": {
      "version": "0.2.2",
      "resolved": "https://registry.npmjs.org/simple-swizzle/-/simple-swizzle-0.2.2.tgz",
      "integrity": "sha1-pNprY1/8zMoz9w0Xy5JZLeleVXo=",
      "dev": true,
      "requires": {
        "is-arrayish": "0.3.2"
      }
    },
    "source-map": {
      "version": "0.6.1",
      "resolved": "https://registry.npmjs.org/source-map/-/source-map-0.6.1.tgz",
      "integrity": "sha512-UjgapumWlbMhkBgzT7Ykc5YXUT46F0iKu8SGXq0bcwP5dz/h0Plj6enJqjz1Zbq2l5WaqYnrVbwWOWMyF3F47g==",
      "dev": true
    },
    "source-map-js": {
      "version": "1.0.2",
      "resolved": "https://registry.npmjs.org/source-map-js/-/source-map-js-1.0.2.tgz",
      "integrity": "sha512-R0XvVJ9WusLiqTCEiGCmICCMplcCkIwwR11mOSD9CR5u+IXYdiseeEuXCVAjS54zqwkLcPNnmU4OeJ6tUrWhDw==",
      "dev": true
    },
    "style-loader": {
      "version": "3.3.1",
      "resolved": "https://registry.npmjs.org/style-loader/-/style-loader-3.3.1.tgz",
      "integrity": "sha512-GPcQ+LDJbrcxHORTRes6Jy2sfvK2kS6hpSfI/fXhPt+spVzxF6LJ1dHLN9zIGmVaaP044YKaIatFaufENRiDoQ==",
      "dev": true
    },
    "supports-color": {
      "version": "5.5.0",
      "resolved": "https://registry.npmjs.org/supports-color/-/supports-color-5.5.0.tgz",
      "integrity": "sha512-QjVjwdXIt408MIiAqCX4oUKsgU2EqAGzs2Ppkm4aQYbjm+ZEWEcW4SfFNTr4uMNZma0ey4f5lgLrkB0aX0QMow==",
      "dev": true,
      "requires": {
        "has-flag": "3.0.0"
      }
    },
    "uniq": {
      "version": "1.0.1",
      "resolved": "https://registry.npmjs.org/uniq/-/uniq-1.0.1.tgz",
      "integrity": "sha1-sxxa6CVIRKOoKBVBzisEuGWnNP8=",
      "dev": true
    },
    "units-css": {
      "version": "0.4.0",
      "resolved": "https://registry.npmjs.org/units-css/-/units-css-0.4.0.tgz",
      "integrity": "sha1-1iKGU6UZg9fBb/KPi53Dsf/tOgc=",
      "dev": true,
      "requires": {
        "isnumeric": "0.2.0",
        "viewport-dimensions": "0.2.0"
      }
    },
    "util-deprecate": {
      "version": "1.0.2",
      "resolved": "https://registry.npmjs.org/util-deprecate/-/util-deprecate-1.0.2.tgz",
      "integrity": "sha512-EPD5q1uXyFxJpCrLnCc1nHnq3gOa6DZBocAIiI2TaSCA7VCJ1UJDMagCzIkXNsUYfD1daK//LTEQ8xiIbrHtcw==",
      "dev": true
    },
    "viewport-dimensions": {
      "version": "0.2.0",
      "resolved": "https://registry.npmjs.org/viewport-dimensions/-/viewport-dimensions-0.2.0.tgz",
      "integrity": "sha1-3nQHR9tTh/0XJfUXXpG6x2r982w=",
      "dev": true
    },
    "yallist": {
      "version": "4.0.0",
      "resolved": "https://registry.npmjs.org/yallist/-/yallist-4.0.0.tgz",
      "integrity": "sha512-3wdGidZyq5PB084XLES5TpOSRA3wjXAlIWMhum2kRcv/41Sn2emQ0dycQW4uZXLejwKvg6EsvbdlVL+FYEct7A==",
      "dev": true
    },
    "yaml": {
      "version": "1.10.2",
      "resolved": "https://registry.npmjs.org/yaml/-/yaml-1.10.2.tgz",
      "integrity": "sha512-r3vXyErRCYJ7wg28yvBY5VSoAF8ZvlcW9/BwUzEtUsjvX/DKs24dIkuwjtuprwJJHsbyUbLApepYTR1BN4uHrg==",
      "dev": true
    }
  }
}
